<?xml version="1.0" encoding="utf-8"?>
<Project ToolsVersion="4.0" xmlns="http://schemas.microsoft.com/developer/msbuild/2003">
  <ItemGroup>
    <Filter Include="Source Files">
      <UniqueIdentifier>{4FC737F1-C7A5-4376-A066-2A32D752A2FF}</UniqueIdentifier>
      <Extensions>cpp;c;cc;cxx;def;odl;idl;hpj;bat;asm;asmx</Extensions>
    </Filter>
    <Filter Include="Header Files">
      <UniqueIdentifier>{93995380-89BD-4b04-88EB-625FBE52EBFB}</UniqueIdentifier>
      <Extensions>h;hh;hpp;hxx;hm;inl;inc;ipp;xsd</Extensions>
    </Filter>
    <Filter Include="Resource Files">
      <UniqueIdentifier>{67DA6AB6-F800-4c08-8B7A-83BB121AAD01}</UniqueIdentifier>
      <Extensions>rc;ico;cur;bmp;dlg;rc2;rct;bin;rgs;gif;jpg;jpeg;jpe;resx;tiff;tif;png;wav;mfcribbon-ms</Extensions>
    </Filter>
  </ItemGroup>
  <ItemGroup>
    <ClInclude Include="src\components\freeLook.h">
      <Filter>Header Files</Filter>
    </ClInclude>
    <ClInclude Include="src\components\freeMove.h">
      <Filter>Header Files</Filter>
    </ClInclude>
    <ClInclude Include="src\components\meshRenderer.h">
      <Filter>Header Files</Filter>
    </ClInclude>
    <ClInclude Include="src\components\physicsEngineComponent.h">
      <Filter>Header Files</Filter>
    </ClInclude>
    <ClInclude Include="src\components\physicsObjectComponent.h">
      <Filter>Header Files</Filter>
    </ClInclude>
    <ClInclude Include="src\core\coreEngine.h">
      <Filter>Header Files</Filter>
    </ClInclude>
    <ClInclude Include="src\core\entity.h">
      <Filter>Header Files</Filter>
    </ClInclude>
    <ClInclude Include="src\core\entityComponent.h">
      <Filter>Header Files</Filter>
    </ClInclude>
    <ClInclude Include="src\core\game.h">
      <Filter>Header Files</Filter>
    </ClInclude>
    <ClInclude Include="src\core\input.h">
      <Filter>Header Files</Filter>
    </ClInclude>
    <ClInclude Include="src\core\mappedValues.h">
      <Filter>Header Files</Filter>
    </ClInclude>
    <ClInclude Include="src\core\math3d.h">
      <Filter>Header Files</Filter>
    </ClInclude>
    <ClInclude Include="src\core\profiling.h">
      <Filter>Header Files</Filter>
    </ClInclude>
    <ClInclude Include="src\core\referenceCounter.h">
      <Filter>Header Files</Filter>
    </ClInclude>
    <ClInclude Include="src\core\timing.h">
      <Filter>Header Files</Filter>
    </ClInclude>
    <ClInclude Include="src\core\transform.h">
      <Filter>Header Files</Filter>
    </ClInclude>
    <ClInclude Include="src\core\util.h">
      <Filter>Header Files</Filter>
    </ClInclude>
    <ClInclude Include="src\physics\aabb.h">
      <Filter>Header Files</Filter>
    </ClInclude>
    <ClInclude Include="src\physics\boundingSphere.h">
      <Filter>Header Files</Filter>
    </ClInclude>
    <ClInclude Include="src\physics\collider.h">
      <Filter>Header Files</Filter>
    </ClInclude>
    <ClInclude Include="src\physics\intersectData.h">
      <Filter>Header Files</Filter>
    </ClInclude>
    <ClInclude Include="src\physics\physicsEngine.h">
      <Filter>Header Files</Filter>
    </ClInclude>
    <ClInclude Include="src\physics\physicsObject.h">
      <Filter>Header Files</Filter>
    </ClInclude>
    <ClInclude Include="src\physics\plane.h">
      <Filter>Header Files</Filter>
    </ClInclude>
    <ClInclude Include="src\rendering\camera.h">
      <Filter>Header Files</Filter>
    </ClInclude>
    <ClInclude Include="src\rendering\lighting.h">
      <Filter>Header Files</Filter>
    </ClInclude>
    <ClInclude Include="src\rendering\material.h">
      <Filter>Header Files</Filter>
    </ClInclude>
    <ClInclude Include="src\rendering\mesh.h">
      <Filter>Header Files</Filter>
    </ClInclude>
    <ClInclude Include="src\rendering\renderingEngine.h">
      <Filter>Header Files</Filter>
    </ClInclude>
    <ClInclude Include="src\rendering\shader.h">
      <Filter>Header Files</Filter>
    </ClInclude>
    <ClInclude Include="src\rendering\texture.h">
      <Filter>Header Files</Filter>
    </ClInclude>
    <ClInclude Include="src\rendering\window.h">
      <Filter>Header Files</Filter>
    </ClInclude>
    <ClInclude Include="src\staticLibs\simdaccel.h">
      <Filter>Header Files</Filter>
    </ClInclude>
    <ClInclude Include="src\staticLibs\simddefines.h">
      <Filter>Header Files</Filter>
    </ClInclude>
    <ClInclude Include="src\staticLibs\simdemulator.h">
      <Filter>Header Files</Filter>
    </ClInclude>
    <ClInclude Include="src\staticLibs\stb_image.h">
      <Filter>Header Files</Filter>
    </ClInclude>
    <ClInclude Include="src\staticLibs\x86simdaccel.h">
      <Filter>Header Files</Filter>
    </ClInclude>
    <ClInclude Include="src\main\testing.h">
      <Filter>Header Files</Filter>
    </ClInclude>
    <ClInclude Include="src\main\3DEngine.h">
      <Filter>Header Files</Filter>
    </ClInclude>
  </ItemGroup>
  <ItemGroup>
    <ClCompile Include="src\components\freeLook.cpp">
      <Filter>Source Files</Filter>
    </ClCompile>
    <ClCompile Include="src\components\freeMove.cpp">
      <Filter>Source Files</Filter>
    </ClCompile>
    <ClCompile Include="src\components\physicsEngineComponent.cpp">
      <Filter>Source Files</Filter>
    </ClCompile>
    <ClCompile Include="src\components\physicsObjectComponent.cpp">
      <Filter>Source Files</Filter>
    </ClCompile>
    <ClCompile Include="src\core\coreEngine.cpp">
      <Filter>Source Files</Filter>
    </ClCompile>
    <ClCompile Include="src\core\entity.cpp">
      <Filter>Source Files</Filter>
    </ClCompile>
    <ClCompile Include="src\core\game.cpp">
      <Filter>Source Files</Filter>
    </ClCompile>
    <ClCompile Include="src\core\input.cpp">
      <Filter>Source Files</Filter>
    </ClCompile>
    <ClCompile Include="src\core\mappedValues.cpp">
      <Filter>Source Files</Filter>
    </ClCompile>
    <ClCompile Include="src\core\math3d.cpp">
      <Filter>Source Files</Filter>
    </ClCompile>
    <ClCompile Include="src\core\profiling.cpp">
      <Filter>Source Files</Filter>
    </ClCompile>
    <ClCompile Include="src\core\timing.cpp">
      <Filter>Source Files</Filter>
    </ClCompile>
    <ClCompile Include="src\core\transform.cpp">
      <Filter>Source Files</Filter>
    </ClCompile>
    <ClCompile Include="src\core\util.cpp">
      <Filter>Source Files</Filter>
    </ClCompile>
    <ClCompile Include="src\physics\aabb.cpp">
      <Filter>Source Files</Filter>
    </ClCompile>
    <ClCompile Include="src\physics\boundingSphere.cpp">
      <Filter>Source Files</Filter>
    </ClCompile>
    <ClCompile Include="src\physics\collider.cpp">
      <Filter>Source Files</Filter>
    </ClCompile>
    <ClCompile Include="src\physics\physicsEngine.cpp">
      <Filter>Source Files</Filter>
    </ClCompile>
    <ClCompile Include="src\physics\physicsObject.cpp">
      <Filter>Source Files</Filter>
    </ClCompile>
    <ClCompile Include="src\physics\plane.cpp">
      <Filter>Source Files</Filter>
    </ClCompile>
    <ClCompile Include="src\rendering\camera.cpp">
      <Filter>Source Files</Filter>
    </ClCompile>
    <ClCompile Include="src\rendering\lighting.cpp">
      <Filter>Source Files</Filter>
    </ClCompile>
    <ClCompile Include="src\rendering\material.cpp">
      <Filter>Source Files</Filter>
    </ClCompile>
    <ClCompile Include="src\rendering\mesh.cpp">
      <Filter>Source Files</Filter>
    </ClCompile>
    <ClCompile Include="src\rendering\renderingEngine.cpp">
      <Filter>Source Files</Filter>
    </ClCompile>
    <ClCompile Include="src\rendering\shader.cpp">
      <Filter>Source Files</Filter>
    </ClCompile>
    <ClCompile Include="src\rendering\texture.cpp">
      <Filter>Source Files</Filter>
    </ClCompile>
    <ClCompile Include="src\rendering\window.cpp">
      <Filter>Source Files</Filter>
    </ClCompile>
    <ClCompile Include="src\staticLibs\stb_image.c">
      <Filter>Source Files</Filter>
    </ClCompile>
    <ClCompile Include="src\main\main.cpp">
      <Filter>Source Files</Filter>
    </ClCompile>
    <ClCompile Include="src\main\testing.cpp">
      <Filter>Source Files</Filter>
    </ClCompile>
  </ItemGroup>
</Project>