
Microsoft Visual Studio Solution File, Format Version 12.00
# Visual Studio 15
VisualStudioVersion = 15.0.28307.489
MinimumVisualStudioVersion = 10.0.40219.1
Project("{8BC9CEB8-8B4A-11D0-8D11-00A0C91BC942}") = "main", "src\main.vcxproj", "{3D3F951C-29E1-BFF2-129C-D346FEDC4643}"
	ProjectSection(ProjectDependencies) = postProject
		{9C6AA017-8837-FB22-B150-E9CA9D7C30B1} = {9C6AA017-8837-FB22-B150-E9CA9D7C30B1}
		{7BFE5150-67B6-939D-D0BD-6CF9BC942E8E} = {7BFE5150-67B6-939D-D0BD-6CF9BC942E8E}
		{A823A1AC-1403-2048-1D1B-AB1E897986A9} = {A823A1AC-1403-2048-1D1B-AB1E897986A9}
		{AC2EC5FA-98D0-EFD0-818B-03256DCC7621} = {AC2EC5FA-98D0-EFD0-818B-03256DCC7621}
		{FBDB78FB-E77D-A3D1-D038-B725BC792A22} = {FBDB78FB-E77D-A3D1-D038-B725BC792A22}
	EndProjectSection
EndProject
Project("{8BC9CEB8-8B4A-11D0-8D11-00A0C91BC942}") = "engine", "src\engine.vcxproj", "{FBDB78FB-E77D-A3D1-D038-B725BC792A22}"
EndProject
Project("{8BC9CEB8-8B4A-11D0-8D11-00A0C91BC942}") = "physics", "src\physics.vcxproj", "{A823A1AC-1403-2048-1D1B-AB1E897986A9}"
	ProjectSection(ProjectDependencies) = postProject
		{9C6AA017-8837-FB22-B150-E9CA9D7C30B1} = {9C6AA017-8837-FB22-B150-E9CA9D7C30B1}
		{AC2EC5FA-98D0-EFD0-818B-03256DCC7621} = {AC2EC5FA-98D0-EFD0-818B-03256DCC7621}
		{FBDB78FB-E77D-A3D1-D038-B725BC792A22} = {FBDB78FB-E77D-A3D1-D038-B725BC792A22}
	EndProjectSection
EndProject
Project("{8BC9CEB8-8B4A-11D0-8D11-00A0C91BC942}") = "renderer", "src\renderer.vcxproj", "{9C6AA017-8837-FB22-B150-E9CA9D7C30B1}"
	ProjectSection(ProjectDependencies) = postProject
		{AC2EC5FA-98D0-EFD0-818B-03256DCC7621} = {AC2EC5FA-98D0-EFD0-818B-03256DCC7621}
		{FBDB78FB-E77D-A3D1-D038-B725BC792A22} = {FBDB78FB-E77D-A3D1-D038-B725BC792A22}
	EndProjectSection
EndProject
Project("{8BC9CEB8-8B4A-11D0-8D11-00A0C91BC942}") = "lua_script", "src\lua_script.vcxproj", "{7BFE5150-67B6-939D-D0BD-6CF9BC942E8E}"
	ProjectSection(ProjectDependencies) = postProject
		{9C6AA017-8837-FB22-B150-E9CA9D7C30B1} = {9C6AA017-8837-FB22-B150-E9CA9D7C30B1}
		{AC2EC5FA-98D0-EFD0-818B-03256DCC7621} = {AC2EC5FA-98D0-EFD0-818B-03256DCC7621}
		{FBDB78FB-E77D-A3D1-D038-B725BC792A22} = {FBDB78FB-E77D-A3D1-D038-B725BC792A22}
	EndProjectSection
EndProject
Project("{8BC9CEB8-8B4A-11D0-8D11-00A0C91BC942}") = "editor", "src\editor.vcxproj", "{AC2EC5FA-98D0-EFD0-818B-03256DCC7621}"
	ProjectSection(ProjectDependencies) = postProject
		{FBDB78FB-E77D-A3D1-D038-B725BC792A22} = {FBDB78FB-E77D-A3D1-D038-B725BC792A22}
	EndProjectSection
EndProject
Project("{8BC9CEB8-8B4A-11D0-8D11-00A0C91BC942}") = "test_plugin", "src\test_plugin.vcxproj", "{2953629F-BCDB-4E48-9198-7C66252C3B03}"
EndProject
Global
	GlobalSection(SolutionConfigurationPlatforms) = preSolution
		Debug|x64 = Debug|x64
		Debug|x86 = Debug|x86
		Release|x64 = Release|x64
		Release|x86 = Release|x86
	EndGlobalSection
	GlobalSection(ProjectConfigurationPlatforms) = postSolution
		{3D3F951C-29E1-BFF2-129C-D346FEDC4643}.Debug|x64.ActiveCfg = Debug|x64
		{3D3F951C-29E1-BFF2-129C-D346FEDC4643}.Debug|x64.Build.0 = Debug|x64
		{3D3F951C-29E1-BFF2-129C-D346FEDC4643}.Debug|x86.ActiveCfg = Debug|Win32
		{3D3F951C-29E1-BFF2-129C-D346FEDC4643}.Debug|x86.Build.0 = Debug|Win32
		{3D3F951C-29E1-BFF2-129C-D346FEDC4643}.Release|x64.ActiveCfg = Debug|x64
		{3D3F951C-29E1-BFF2-129C-D346FEDC4643}.Release|x64.Build.0 = Debug|x64
		{3D3F951C-29E1-BFF2-129C-D346FEDC4643}.Release|x86.ActiveCfg = Debug|Win32
		{3D3F951C-29E1-BFF2-129C-D346FEDC4643}.Release|x86.Build.0 = Debug|Win32
		{FBDB78FB-E77D-A3D1-D038-B725BC792A22}.Debug|x64.ActiveCfg = Debug|x64
		{FBDB78FB-E77D-A3D1-D038-B725BC792A22}.Debug|x64.Build.0 = Debug|x64
		{FBDB78FB-E77D-A3D1-D038-B725BC792A22}.Debug|x86.ActiveCfg = Debug|Win32
		{FBDB78FB-E77D-A3D1-D038-B725BC792A22}.Debug|x86.Build.0 = Debug|Win32
		{FBDB78FB-E77D-A3D1-D038-B725BC792A22}.Release|x64.ActiveCfg = Debug|x64
		{FBDB78FB-E77D-A3D1-D038-B725BC792A22}.Release|x64.Build.0 = Debug|x64
		{FBDB78FB-E77D-A3D1-D038-B725BC792A22}.Release|x86.ActiveCfg = Debug|Win32
		{FBDB78FB-E77D-A3D1-D038-B725BC792A22}.Release|x86.Build.0 = Debug|Win32
		{A823A1AC-1403-2048-1D1B-AB1E897986A9}.Debug|x64.ActiveCfg = Debug|x64
		{A823A1AC-1403-2048-1D1B-AB1E897986A9}.Debug|x64.Build.0 = Debug|x64
		{A823A1AC-1403-2048-1D1B-AB1E897986A9}.Debug|x86.ActiveCfg = Debug|Win32
		{A823A1AC-1403-2048-1D1B-AB1E897986A9}.Debug|x86.Build.0 = Debug|Win32
		{A823A1AC-1403-2048-1D1B-AB1E897986A9}.Release|x64.ActiveCfg = Debug|x64
		{A823A1AC-1403-2048-1D1B-AB1E897986A9}.Release|x64.Build.0 = Debug|x64
		{A823A1AC-1403-2048-1D1B-AB1E897986A9}.Release|x86.ActiveCfg = Debug|Win32
		{A823A1AC-1403-2048-1D1B-AB1E897986A9}.Release|x86.Build.0 = Debug|Win32
		{9C6AA017-8837-FB22-B150-E9CA9D7C30B1}.Debug|x64.ActiveCfg = Debug|x64
		{9C6AA017-8837-FB22-B150-E9CA9D7C30B1}.Debug|x64.Build.0 = Debug|x64
		{9C6AA017-8837-FB22-B150-E9CA9D7C30B1}.Debug|x86.ActiveCfg = Debug|Win32
		{9C6AA017-8837-FB22-B150-E9CA9D7C30B1}.Debug|x86.Build.0 = Debug|Win32
		{9C6AA017-8837-FB22-B150-E9CA9D7C30B1}.Release|x64.ActiveCfg = Debug|x64
		{9C6AA017-8837-FB22-B150-E9CA9D7C30B1}.Release|x64.Build.0 = Debug|x64
		{9C6AA017-8837-FB22-B150-E9CA9D7C30B1}.Release|x86.ActiveCfg = Debug|Win32
		{9C6AA017-8837-FB22-B150-E9CA9D7C30B1}.Release|x86.Build.0 = Debug|Win32
		{7BFE5150-67B6-939D-D0BD-6CF9BC942E8E}.Debug|x64.ActiveCfg = Debug|x64
		{7BFE5150-67B6-939D-D0BD-6CF9BC942E8E}.Debug|x64.Build.0 = Debug|x64
		{7BFE5150-67B6-939D-D0BD-6CF9BC942E8E}.Debug|x86.ActiveCfg = Debug|Win32
		{7BFE5150-67B6-939D-D0BD-6CF9BC942E8E}.Debug|x86.Build.0 = Debug|Win32
		{7BFE5150-67B6-939D-D0BD-6CF9BC942E8E}.Release|x64.ActiveCfg = Debug|x64
		{7BFE5150-67B6-939D-D0BD-6CF9BC942E8E}.Release|x64.Build.0 = Debug|x64
		{7BFE5150-67B6-939D-D0BD-6CF9BC942E8E}.Release|x86.ActiveCfg = Debug|Win32
		{7BFE5150-67B6-939D-D0BD-6CF9BC942E8E}.Release|x86.Build.0 = Debug|Win32
		{AC2EC5FA-98D0-EFD0-818B-03256DCC7621}.Debug|x64.ActiveCfg = Debug|x64
		{AC2EC5FA-98D0-EFD0-818B-03256DCC7621}.Debug|x64.Build.0 = Debug|x64
		{AC2EC5FA-98D0-EFD0-818B-03256DCC7621}.Debug|x86.ActiveCfg = Debug|Win32
		{AC2EC5FA-98D0-EFD0-818B-03256DCC7621}.Debug|x86.Build.0 = Debug|Win32
		{AC2EC5FA-98D0-EFD0-818B-03256DCC7621}.Release|x64.ActiveCfg = Debug|x64
		{AC2EC5FA-98D0-EFD0-818B-03256DCC7621}.Release|x64.Build.0 = Debug|x64
		{AC2EC5FA-98D0-EFD0-818B-03256DCC7621}.Release|x86.ActiveCfg = Debug|Win32
		{AC2EC5FA-98D0-EFD0-818B-03256DCC7621}.Release|x86.Build.0 = Debug|Win32
		{2953629F-BCDB-4E48-9198-7C66252C3B03}.Debug|x64.ActiveCfg = Debug|x64
		{2953629F-BCDB-4E48-9198-7C66252C3B03}.Debug|x64.Build.0 = Debug|x64
		{2953629F-BCDB-4E48-9198-7C66252C3B03}.Debug|x86.ActiveCfg = Debug|Win32
		{2953629F-BCDB-4E48-9198-7C66252C3B03}.Debug|x86.Build.0 = Debug|Win32
		{2953629F-BCDB-4E48-9198-7C66252C3B03}.Release|x64.ActiveCfg = Release|x64
		{2953629F-BCDB-4E48-9198-7C66252C3B03}.Release|x64.Build.0 = Release|x64
		{2953629F-BCDB-4E48-9198-7C66252C3B03}.Release|x86.ActiveCfg = Release|Win32
		{2953629F-BCDB-4E48-9198-7C66252C3B03}.Release|x86.Build.0 = Release|Win32
	EndGlobalSection
	GlobalSection(SolutionProperties) = preSolution
		HideSolutionNode = FALSE
	EndGlobalSection
	GlobalSection(ExtensibilityGlobals) = postSolution
		SolutionGuid = {648F4265-9A40-4E72-8A88-BA036E9ECDD5}
	EndGlobalSection
EndGlobal
