<?xml version="1.0" encoding="utf-8"?>
<Project ToolsVersion="15.0" xmlns="http://schemas.microsoft.com/developer/msbuild/2003">
  <ItemGroup>
    <Filter Include="src">
      <UniqueIdentifier>{2DAB880B-99B4-887C-2230-9F7C8E38947C}</UniqueIdentifier>
    </Filter>
    <Filter Include="src\gui">
      <UniqueIdentifier>{2EB248A9-9A91-C744-A3A9-521B0F082EA6}</UniqueIdentifier>
    </Filter>
    <Filter Include="src\gui\editor">
      <UniqueIdentifier>{B1B1F43E-9D7F-E844-8613-596B7280C4A9}</UniqueIdentifier>
    </Filter>
  </ItemGroup>
  <ItemGroup>
    <ClCompile Include="gui\editor\plugins.cpp">
      <Filter>src\gui\editor</Filter>
    </ClCompile>
    <ClCompile Include="gui\gui_scene.cpp">
      <Filter>src\gui</Filter>
    </ClCompile>
    <ClCompile Include="gui\gui_system.cpp">
      <Filter>src\gui</Filter>
    </ClCompile>
    <ClCompile Include="gui\sprite_manager.cpp">
      <Filter>src\gui</Filter>
    </ClCompile>
  </ItemGroup>
  <ItemGroup>
    <ClInclude Include="gui\gui_scene.h">
      <Filter>src\gui</Filter>
    </ClInclude>
    <ClInclude Include="gui\gui_system.h">
      <Filter>src\gui</Filter>
    </ClInclude>
    <ClInclude Include="gui\sprite_manager.h">
      <Filter>src\gui</Filter>
    </ClInclude>
  </ItemGroup>
  <ItemGroup>
    <Natvis Include="..\malmy.natvis" />
  </ItemGroup>
</Project>