<?xml version="1.0" encoding="utf-8"?>
<Project ToolsVersion="4.0" xmlns="http://schemas.microsoft.com/developer/msbuild/2003">
  <ItemGroup>
    <Filter Include="Source Files">
      <UniqueIdentifier>{4FC737F1-C7A5-4376-A066-2A32D752A2FF}</UniqueIdentifier>
      <Extensions>cpp;c;cc;cxx;def;odl;idl;hpj;bat;asm;asmx</Extensions>
    </Filter>
    <Filter Include="Header Files">
      <UniqueIdentifier>{93995380-89BD-4b04-88EB-625FBE52EBFB}</UniqueIdentifier>
      <Extensions>h;hh;hpp;hxx;hm;inl;inc;ipp;xsd</Extensions>
    </Filter>
    <Filter Include="Resource Files">
      <UniqueIdentifier>{67DA6AB6-F800-4c08-8B7A-83BB121AAD01}</UniqueIdentifier>
      <Extensions>rc;ico;cur;bmp;dlg;rc2;rct;bin;rgs;gif;jpg;jpeg;jpe;resx;tiff;tif;png;wav;mfcribbon-ms</Extensions>
    </Filter>
  </ItemGroup>
  <ItemGroup>
    <ClCompile Include="core\game.cpp">
      <Filter>Source Files</Filter>
    </ClCompile>
    <ClCompile Include="core\input.cpp">
      <Filter>Source Files</Filter>
    </ClCompile>
    <ClCompile Include="core\mappedValues.cpp">
      <Filter>Source Files</Filter>
    </ClCompile>
    <ClCompile Include="core\profiling.cpp">
      <Filter>Source Files</Filter>
    </ClCompile>
    <ClCompile Include="core\timing.cpp">
      <Filter>Source Files</Filter>
    </ClCompile>
    <ClCompile Include="core\transform.cpp">
      <Filter>Source Files</Filter>
    </ClCompile>
    <ClCompile Include="core\util.cpp">
      <Filter>Source Files</Filter>
    </ClCompile>
    <ClCompile Include="main\main.cpp">
      <Filter>Source Files</Filter>
    </ClCompile>
    <ClCompile Include="rendering\camera.cpp">
      <Filter>Source Files</Filter>
    </ClCompile>
    <ClCompile Include="rendering\lighting.cpp">
      <Filter>Source Files</Filter>
    </ClCompile>
    <ClCompile Include="rendering\material.cpp">
      <Filter>Source Files</Filter>
    </ClCompile>
    <ClCompile Include="rendering\mesh.cpp">
      <Filter>Source Files</Filter>
    </ClCompile>
    <ClCompile Include="rendering\renderingEngine.cpp">
      <Filter>Source Files</Filter>
    </ClCompile>
    <ClCompile Include="rendering\shader.cpp">
      <Filter>Source Files</Filter>
    </ClCompile>
    <ClCompile Include="rendering\texture.cpp">
      <Filter>Source Files</Filter>
    </ClCompile>
    <ClCompile Include="rendering\window.cpp">
      <Filter>Source Files</Filter>
    </ClCompile>
    <ClCompile Include="staticLibs\stb_image.c">
      <Filter>Source Files</Filter>
    </ClCompile>
    <ClCompile Include="main\testGame.cpp">
      <Filter>Source Files</Filter>
    </ClCompile>
    <ClCompile Include="maths\math3d.cpp">
      <Filter>Source Files</Filter>
    </ClCompile>
    <ClCompile Include="editor\editorCameraMove.cpp">
      <Filter>Source Files</Filter>
    </ClCompile>
    <ClCompile Include="core\debug.cpp">
      <Filter>Source Files</Filter>
    </ClCompile>
    <ClCompile Include="rendering\color.cpp">
      <Filter>Source Files</Filter>
    </ClCompile>
    <ClCompile Include="editor\editorInput.cpp">
      <Filter>Source Files</Filter>
    </ClCompile>
    <ClCompile Include="core\settings.cpp">
      <Filter>Source Files</Filter>
    </ClCompile>
    <ClCompile Include="core\engine.cpp">
      <Filter>Source Files</Filter>
    </ClCompile>
    <ClCompile Include="core\gameObject.cpp">
      <Filter>Source Files</Filter>
    </ClCompile>
  </ItemGroup>
  <ItemGroup>
    <ClInclude Include="components\meshRenderer.h">
      <Filter>Header Files</Filter>
    </ClInclude>
    <ClInclude Include="core\game.h">
      <Filter>Header Files</Filter>
    </ClInclude>
    <ClInclude Include="core\input.h">
      <Filter>Header Files</Filter>
    </ClInclude>
    <ClInclude Include="core\mappedValues.h">
      <Filter>Header Files</Filter>
    </ClInclude>
    <ClInclude Include="core\profiling.h">
      <Filter>Header Files</Filter>
    </ClInclude>
    <ClInclude Include="core\referenceCounter.h">
      <Filter>Header Files</Filter>
    </ClInclude>
    <ClInclude Include="core\timing.h">
      <Filter>Header Files</Filter>
    </ClInclude>
    <ClInclude Include="core\transform.h">
      <Filter>Header Files</Filter>
    </ClInclude>
    <ClInclude Include="core\util.h">
      <Filter>Header Files</Filter>
    </ClInclude>
    <ClInclude Include="rendering\camera.h">
      <Filter>Header Files</Filter>
    </ClInclude>
    <ClInclude Include="rendering\lighting.h">
      <Filter>Header Files</Filter>
    </ClInclude>
    <ClInclude Include="rendering\material.h">
      <Filter>Header Files</Filter>
    </ClInclude>
    <ClInclude Include="rendering\mesh.h">
      <Filter>Header Files</Filter>
    </ClInclude>
    <ClInclude Include="rendering\renderingEngine.h">
      <Filter>Header Files</Filter>
    </ClInclude>
    <ClInclude Include="rendering\shader.h">
      <Filter>Header Files</Filter>
    </ClInclude>
    <ClInclude Include="rendering\texture.h">
      <Filter>Header Files</Filter>
    </ClInclude>
    <ClInclude Include="rendering\window.h">
      <Filter>Header Files</Filter>
    </ClInclude>
    <ClInclude Include="staticLibs\simdaccel.h">
      <Filter>Header Files</Filter>
    </ClInclude>
    <ClInclude Include="staticLibs\simddefines.h">
      <Filter>Header Files</Filter>
    </ClInclude>
    <ClInclude Include="staticLibs\simdemulator.h">
      <Filter>Header Files</Filter>
    </ClInclude>
    <ClInclude Include="staticLibs\stb_image.h">
      <Filter>Header Files</Filter>
    </ClInclude>
    <ClInclude Include="staticLibs\x86simdaccel.h">
      <Filter>Header Files</Filter>
    </ClInclude>
    <ClInclude Include="main\testGame.h">
      <Filter>Header Files</Filter>
    </ClInclude>
    <ClInclude Include="maths\math3d.h">
      <Filter>Header Files</Filter>
    </ClInclude>
    <ClInclude Include="editor\editorCameraMove.h">
      <Filter>Header Files</Filter>
    </ClInclude>
    <ClInclude Include="core\debug.h">
      <Filter>Header Files</Filter>
    </ClInclude>
    <ClInclude Include="components\malmyScript.h">
      <Filter>Header Files</Filter>
    </ClInclude>
    <ClInclude Include="res\scripts\demorot.h">
      <Filter>Header Files</Filter>
    </ClInclude>
    <ClInclude Include="rendering\color.h">
      <Filter>Header Files</Filter>
    </ClInclude>
    <ClInclude Include="editor\editorInput.h">
      <Filter>Header Files</Filter>
    </ClInclude>
    <ClInclude Include="components\component.h">
      <Filter>Header Files</Filter>
    </ClInclude>
    <ClInclude Include="core\settings.h">
      <Filter>Header Files</Filter>
    </ClInclude>
    <ClInclude Include="core\engine.h">
      <Filter>Header Files</Filter>
    </ClInclude>
    <ClInclude Include="core\gameObject.h">
      <Filter>Header Files</Filter>
    </ClInclude>
  </ItemGroup>
</Project>